
Microsoft Visual Studio Solution File, Format Version 12.00
# Visual Studio Version 16
VisualStudioVersion = 16.0.31205.134
MinimumVisualStudioVersion = 10.0.40219.1
Project("{FAE04EC0-301F-11D3-BF4B-00C04F79EFBC}") = "testEmguCV", "testEmguCV\testEmguCV.csproj", "{7FA11E81-B71A-4BEC-98FD-DC995B283689}"
EndProject
Global
	GlobalSection(SolutionConfigurationPlatforms) = preSolution
		Debug|Any CPU = Debug|Any CPU
		Release|Any CPU = Release|Any CPU
	EndGlobalSection
	GlobalSection(ProjectConfigurationPlatforms) = postSolution
		{7FA11E81-B71A-4BEC-98FD-DC995B283689}.Debug|Any CPU.ActiveCfg = Debug|Any CPU
		{7FA11E81-B71A-4BEC-98FD-DC995B283689}.Debug|Any CPU.Build.0 = Debug|Any CPU
		{7FA11E81-B71A-4BEC-98FD-DC995B283689}.Release|Any CPU.ActiveCfg = Release|Any CPU
		{7FA11E81-B71A-4BEC-98FD-DC995B283689}.Release|Any CPU.Build.0 = Release|Any CPU
	EndGlobalSection
	GlobalSection(SolutionProperties) = preSolution
		HideSolutionNode = FALSE
	EndGlobalSection
	GlobalSection(ExtensibilityGlobals) = postSolution
		SolutionGuid = {0F5CAD43-0BB5-4A4A-B42E-2E425FEF98C5}
	EndGlobalSection
EndGlobal
